// !$*UTF8*$!
{
	archiveVersion = 1;
	classes = {
	};
	objectVersion = 56;
	objects = {

/* Begin PBXBuildFile section */
		000000010000000000000001 /* LifeAssistantApp.swift in Sources */ = {isa = PBXBuildFile; fileRef = 0000000100000000000000F1 /* LifeAssistantApp.swift */; };
		000000010000000000000002 /* PersistenceController.swift in Sources */ = {isa = PBXBuildFile; fileRef = 0000000100000000000000F2 /* PersistenceController.swift */; };
		000000020000000000000001 /* AccountRecord.swift in Sources */ = {isa = PBXBuildFile; fileRef = 0000000200000000000000F1 /* AccountRecord.swift */; };
		000000020000000000000002 /* TodoItem.swift in Sources */ = {isa = PBXBuildFile; fileRef = 0000000200000000000000F2 /* TodoItem.swift */; };
		000000020000000000000003 /* Interview.swift in Sources */ = {isa = PBXBuildFile; fileRef = 0000000200000000000000F3 /* Interview.swift */; };
		000000020000000000000004 /* Conference.swift in Sources */ = {isa = PBXBuildFile; fileRef = 0000000200000000000000F4 /* Conference.swift */; };
		000000030000000000000001 /* ContentView.swift in Sources */ = {isa = PBXBuildFile; fileRef = 0000000300000000000000F1 /* ContentView.swift */; };
		000000030000000000000002 /* AccountView.swift in Sources */ = {isa = PBXBuildFile; fileRef = 0000000300000000000000F2 /* AccountView.swift */; };
		000000030000000000000003 /* TodoView.swift in Sources */ = {isa = PBXBuildFile; fileRef = 0000000300000000000000F3 /* TodoView.swift */; };
		000000030000000000000004 /* AIRecognitionView.swift in Sources */ = {isa = PBXBuildFile; fileRef = 0000000300000000000000F4 /* AIRecognitionView.swift */; };
		000000030000000000000005 /* InterviewView.swift in Sources */ = {isa = PBXBuildFile; fileRef = 0000000300000000000000F5 /* InterviewView.swift */; };
		000000030000000000000006 /* ConferenceView.swift in Sources */ = {isa = PBXBuildFile; fileRef = 0000000300000000000000F6 /* ConferenceView.swift */; };
		000000040000000000000001 /* ProgressBar.swift in Sources */ = {isa = PBXBuildFile; fileRef = 0000000400000000000000F1 /* ProgressBar.swift */; };
		000000040000000000000002 /* CardView.swift in Sources */ = {isa = PBXBuildFile; fileRef = 0000000400000000000000F2 /* CardView.swift */; };
		000000040000000000000003 /* EmptyStateView.swift in Sources */ = {isa = PBXBuildFile; fileRef = 0000000400000000000000F3 /* EmptyStateView.swift */; };
		000000050000000000000001 /* AccountService.swift in Sources */ = {isa = PBXBuildFile; fileRef = 0000000500000000000000F1 /* AccountService.swift */; };
		000000050000000000000002 /* TodoService.swift in Sources */ = {isa = PBXBuildFile; fileRef = 0000000500000000000000F2 /* TodoService.swift */; };
		000000050000000000000003 /* InterviewService.swift in Sources */ = {isa = PBXBuildFile; fileRef = 0000000500000000000000F3 /* InterviewService.swift */; };
		000000050000000000000004 /* ConferenceService.swift in Sources */ = {isa = PBXBuildFile; fileRef = 0000000500000000000000F4 /* ConferenceService.swift */; };
		000000050000000000000005 /* AIService.swift in Sources */ = {isa = PBXBuildFile; fileRef = 0000000500000000000000F5 /* AIService.swift */; };
		000000050000000000000006 /* EventKitService.swift in Sources */ = {isa = PBXBuildFile; fileRef = 0000000500000000000000F6 /* EventKitService.swift */; };
		000000060000000000000001 /* NotificationManager.swift in Sources */ = {isa = PBXBuildFile; fileRef = 0000000600000000000000F1 /* NotificationManager.swift */; };
		000000070000000000000001 /* LifeAssistant.xcdatamodeld in Sources */ = {isa = PBXBuildFile; fileRef = 0000000700000000000000F1 /* LifeAssistant.xcdatamodeld */; };
		000000070000000000000002 /* Assets.xcassets in Resources */ = {isa = PBXBuildFile; fileRef = 0000000700000000000000F2 /* Assets.xcassets */; };
		000000080000000000000001 /* RecognizeImageIntent.swift in Sources */ = {isa = PBXBuildFile; fileRef = 0000000800000000000000F1 /* RecognizeImageIntent.swift */; };
		000000080000000000000002 /* LifeAssistantShortcuts.swift in Sources */ = {isa = PBXBuildFile; fileRef = 0000000800000000000000F2 /* LifeAssistantShortcuts.swift */; };
		000000080000000000000003 /* ScreenshotRecognitionIntent.swift in Sources */ = {isa = PBXBuildFile; fileRef = 0000000800000000000000F3 /* ScreenshotRecognitionIntent.swift */; };
		000000050000000000000007 /* SiliconFlowService.swift in Sources */ = {isa = PBXBuildFile; fileRef = 0000000500000000000000F7 /* SiliconFlowService.swift */; };
		000000030000000000000007 /* RecognitionPreviewSheet.swift in Sources */ = {isa = PBXBuildFile; fileRef = 0000000300000000000000F7 /* RecognitionPreviewSheet.swift */; };
		000000020000000000000005 /* ProgressGoal.swift in Sources */ = {isa = PBXBuildFile; fileRef = 0000000200000000000000F5 /* ProgressGoal.swift */; };
		000000050000000000000008 /* ProgressService.swift in Sources */ = {isa = PBXBuildFile; fileRef = 0000000500000000000000F8 /* ProgressService.swift */; };
		000000050000000000000009 /* ShortcutsDataManager.swift in Sources */ = {isa = PBXBuildFile; fileRef = 0000000500000000000000F9 /* ShortcutsDataManager.swift */; };
		000000030000000000000008 /* ProgressView.swift in Sources */ = {isa = PBXBuildFile; fileRef = 0000000300000000000000F8 /* ProgressView.swift */; };
		000000030000000000000009 /* HomeView.swift in Sources */ = {isa = PBXBuildFile; fileRef = 0000000300000000000000F9 /* HomeView.swift */; };
/* End PBXBuildFile section */

/* Begin PBXFileReference section */
		0000000100000000000000F1 /* LifeAssistantApp.swift */ = {isa = PBXFileReference; lastKnownFileType = sourcecode.swift; path = LifeAssistantApp.swift; sourceTree = "<group>"; };
		0000000100000000000000F2 /* PersistenceController.swift */ = {isa = PBXFileReference; lastKnownFileType = sourcecode.swift; path = PersistenceController.swift; sourceTree = "<group>"; };
		0000000200000000000000F1 /* AccountRecord.swift */ = {isa = PBXFileReference; lastKnownFileType = sourcecode.swift; path = AccountRecord.swift; sourceTree = "<group>"; };
		0000000200000000000000F2 /* TodoItem.swift */ = {isa = PBXFileReference; lastKnownFileType = sourcecode.swift; path = TodoItem.swift; sourceTree = "<group>"; };
		0000000200000000000000F3 /* Interview.swift */ = {isa = PBXFileReference; lastKnownFileType = sourcecode.swift; path = Interview.swift; sourceTree = "<group>"; };
		0000000200000000000000F4 /* Conference.swift */ = {isa = PBXFileReference; lastKnownFileType = sourcecode.swift; path = Conference.swift; sourceTree = "<group>"; };
		0000000300000000000000F1 /* ContentView.swift */ = {isa = PBXFileReference; lastKnownFileType = sourcecode.swift; path = ContentView.swift; sourceTree = "<group>"; };
		0000000300000000000000F2 /* AccountView.swift */ = {isa = PBXFileReference; lastKnownFileType = sourcecode.swift; path = AccountView.swift; sourceTree = "<group>"; };
		0000000300000000000000F3 /* TodoView.swift */ = {isa = PBXFileReference; lastKnownFileType = sourcecode.swift; path = TodoView.swift; sourceTree = "<group>"; };
		0000000300000000000000F4 /* AIRecognitionView.swift */ = {isa = PBXFileReference; lastKnownFileType = sourcecode.swift; path = AIRecognitionView.swift; sourceTree = "<group>"; };
		0000000300000000000000F5 /* InterviewView.swift */ = {isa = PBXFileReference; lastKnownFileType = sourcecode.swift; path = InterviewView.swift; sourceTree = "<group>"; };
		0000000300000000000000F6 /* ConferenceView.swift */ = {isa = PBXFileReference; lastKnownFileType = sourcecode.swift; path = ConferenceView.swift; sourceTree = "<group>"; };
		0000000400000000000000F1 /* ProgressBar.swift */ = {isa = PBXFileReference; lastKnownFileType = sourcecode.swift; path = ProgressBar.swift; sourceTree = "<group>"; };
		0000000400000000000000F2 /* CardView.swift */ = {isa = PBXFileReference; lastKnownFileType = sourcecode.swift; path = CardView.swift; sourceTree = "<group>"; };
		0000000400000000000000F3 /* EmptyStateView.swift */ = {isa = PBXFileReference; lastKnownFileType = sourcecode.swift; path = EmptyStateView.swift; sourceTree = "<group>"; };
		0000000500000000000000F1 /* AccountService.swift */ = {isa = PBXFileReference; lastKnownFileType = sourcecode.swift; path = AccountService.swift; sourceTree = "<group>"; };
		0000000500000000000000F2 /* TodoService.swift */ = {isa = PBXFileReference; lastKnownFileType = sourcecode.swift; path = TodoService.swift; sourceTree = "<group>"; };
		0000000500000000000000F3 /* InterviewService.swift */ = {isa = PBXFileReference; lastKnownFileType = sourcecode.swift; path = InterviewService.swift; sourceTree = "<group>"; };
		0000000500000000000000F4 /* ConferenceService.swift */ = {isa = PBXFileReference; lastKnownFileType = sourcecode.swift; path = ConferenceService.swift; sourceTree = "<group>"; };
		0000000500000000000000F5 /* AIService.swift */ = {isa = PBXFileReference; lastKnownFileType = sourcecode.swift; path = AIService.swift; sourceTree = "<group>"; };
		0000000500000000000000F6 /* EventKitService.swift */ = {isa = PBXFileReference; lastKnownFileType = sourcecode.swift; path = EventKitService.swift; sourceTree = "<group>"; };
		0000000600000000000000F1 /* NotificationManager.swift */ = {isa = PBXFileReference; lastKnownFileType = sourcecode.swift; path = NotificationManager.swift; sourceTree = "<group>"; };
		0000000700000000000000F2 /* Assets.xcassets */ = {isa = PBXFileReference; lastKnownFileType = folder.assetcatalog; path = Assets.xcassets; sourceTree = "<group>"; };
		0000000700000000000000F4 /* LifeAssistant.xcdatamodel */ = {isa = PBXFileReference; lastKnownFileType = wrapper.xcdatamodel; path = LifeAssistant.xcdatamodel; sourceTree = "<group>"; };
		0000000800000000000000F1 /* RecognizeImageIntent.swift */ = {isa = PBXFileReference; lastKnownFileType = sourcecode.swift; path = RecognizeImageIntent.swift; sourceTree = "<group>"; };
		0000000800000000000000F2 /* LifeAssistantShortcuts.swift */ = {isa = PBXFileReference; lastKnownFileType = sourcecode.swift; path = LifeAssistantShortcuts.swift; sourceTree = "<group>"; };
		0000000800000000000000F3 /* ScreenshotRecognitionIntent.swift */ = {isa = PBXFileReference; lastKnownFileType = sourcecode.swift; path = ScreenshotRecognitionIntent.swift; sourceTree = "<group>"; };
		0000000500000000000000F7 /* SiliconFlowService.swift */ = {isa = PBXFileReference; lastKnownFileType = sourcecode.swift; path = SiliconFlowService.swift; sourceTree = "<group>"; };
		0000000300000000000000F7 /* RecognitionPreviewSheet.swift */ = {isa = PBXFileReference; lastKnownFileType = sourcecode.swift; path = RecognitionPreviewSheet.swift; sourceTree = "<group>"; };
		0000000200000000000000F5 /* ProgressGoal.swift */ = {isa = PBXFileReference; lastKnownFileType = sourcecode.swift; path = ProgressGoal.swift; sourceTree = "<group>"; };
		0000000500000000000000F8 /* ProgressService.swift */ = {isa = PBXFileReference; lastKnownFileType = sourcecode.swift; path = ProgressService.swift; sourceTree = "<group>"; };
		0000000500000000000000F9 /* ShortcutsDataManager.swift */ = {isa = PBXFileReference; lastKnownFileType = sourcecode.swift; path = ShortcutsDataManager.swift; sourceTree = "<group>"; };
		0000000300000000000000F8 /* ProgressView.swift */ = {isa = PBXFileReference; lastKnownFileType = sourcecode.swift; path = ProgressView.swift; sourceTree = "<group>"; };
		0000000300000000000000F9 /* HomeView.swift */ = {isa = PBXFileReference; lastKnownFileType = sourcecode.swift; path = HomeView.swift; sourceTree = "<group>"; };
		111111111111111111111111 /* LifeAssistant.app */ = {isa = PBXFileReference; explicitFileType = wrapper.application; includeInIndex = 0; path = LifeAssistant.app; sourceTree = BUILT_PRODUCTS_DIR; };
/* End PBXFileReference section */

/* Begin PBXFrameworksBuildPhase section */
		222222222222222222222222 /* Frameworks */ = {
			isa = PBXFrameworksBuildPhase;
			buildActionMask = 2147483647;
			files = (
			);
			runOnlyForDeploymentPostprocessing = 0;
		};
/* End PBXFrameworksBuildPhase section */

/* Begin PBXGroup section */
		000000010000000000000000 /* App */ = {
			isa = PBXGroup;
			children = (
				0000000100000000000000F1 /* LifeAssistantApp.swift */,
				0000000100000000000000F2 /* PersistenceController.swift */,
			);
			path = App;
			sourceTree = "<group>";
		};
		000000020000000000000000 /* Models */ = {
			isa = PBXGroup;
			children = (
				0000000200000000000000F1 /* AccountRecord.swift */,
				0000000200000000000000F2 /* TodoItem.swift */,
				0000000200000000000000F3 /* Interview.swift */,
				0000000200000000000000F4 /* Conference.swift */,
				0000000200000000000000F5 /* ProgressGoal.swift */,
			);
			path = Models;
			sourceTree = "<group>";
		};
		000000030000000000000000 /* Views */ = {
			isa = PBXGroup;
			children = (
				0000000300000000000000F1 /* ContentView.swift */,
				000000030000000000000080 /* Home */,
				000000030000000000000010 /* Account */,
				000000030000000000000020 /* Todo */,
				000000030000000000000030 /* AI */,
				000000030000000000000040 /* Interview */,
				000000030000000000000050 /* Conference */,
				000000030000000000000070 /* Progress */,
				000000030000000000000060 /* Components */,
			);
			path = Views;
			sourceTree = "<group>";
		};
		000000030000000000000080 /* Home */ = {
			isa = PBXGroup;
			children = (
				0000000300000000000000F9 /* HomeView.swift */,
			);
			path = Home;
			sourceTree = "<group>";
		};
		000000030000000000000010 /* Account */ = {
			isa = PBXGroup;
			children = (
				0000000300000000000000F2 /* AccountView.swift */,
			);
			path = Account;
			sourceTree = "<group>";
		};
		000000030000000000000020 /* Todo */ = {
			isa = PBXGroup;
			children = (
				0000000300000000000000F3 /* TodoView.swift */,
			);
			path = Todo;
			sourceTree = "<group>";
		};
		000000030000000000000030 /* AI */ = {
			isa = PBXGroup;
			children = (
				0000000300000000000000F4 /* AIRecognitionView.swift */,
				0000000300000000000000F7 /* RecognitionPreviewSheet.swift */,
			);
			path = AI;
			sourceTree = "<group>";
		};
		000000030000000000000040 /* Interview */ = {
			isa = PBXGroup;
			children = (
				0000000300000000000000F5 /* InterviewView.swift */,
			);
			path = Interview;
			sourceTree = "<group>";
		};
		000000030000000000000050 /* Conference */ = {
			isa = PBXGroup;
			children = (
				0000000300000000000000F6 /* ConferenceView.swift */,
			);
			path = Conference;
			sourceTree = "<group>";
		};
		000000030000000000000060 /* Components */ = {
			isa = PBXGroup;
			children = (
				0000000400000000000000F1 /* ProgressBar.swift */,
				0000000400000000000000F2 /* CardView.swift */,
				0000000400000000000000F3 /* EmptyStateView.swift */,
			);
			path = Components;
			sourceTree = "<group>";
		};
		000000030000000000000070 /* Progress */ = {
			isa = PBXGroup;
			children = (
				0000000300000000000000F8 /* ProgressView.swift */,
			);
			path = Progress;
			sourceTree = "<group>";
		};
		000000050000000000000000 /* Services */ = {
			isa = PBXGroup;
			children = (
				0000000500000000000000F1 /* AccountService.swift */,
				0000000500000000000000F2 /* TodoService.swift */,
				0000000500000000000000F3 /* InterviewService.swift */,
				0000000500000000000000F4 /* ConferenceService.swift */,
				0000000500000000000000F5 /* AIService.swift */,
				0000000500000000000000F6 /* EventKitService.swift */,
				0000000500000000000000F7 /* SiliconFlowService.swift */,
				0000000500000000000000F8 /* ProgressService.swift */,
				0000000500000000000000F9 /* ShortcutsDataManager.swift */,
			);
			path = Services;
			sourceTree = "<group>";
		};
		000000060000000000000000 /* Utils */ = {
			isa = PBXGroup;
			children = (
				0000000600000000000000F1 /* NotificationManager.swift */,
			);
			path = Utils;
			sourceTree = "<group>";
		};
		000000070000000000000000 /* Resources */ = {
			isa = PBXGroup;
			children = (
				0000000700000000000000F1 /* LifeAssistant.xcdatamodeld */,
				0000000700000000000000F2 /* Assets.xcassets */,
			);
			path = Resources;
			sourceTree = "<group>";
		};
		000000080000000000000000 /* Intents */ = {
			isa = PBXGroup;
			children = (
				0000000800000000000000F1 /* RecognizeImageIntent.swift */,
				0000000800000000000000F2 /* LifeAssistantShortcuts.swift */,
				0000000800000000000000F3 /* ScreenshotRecognitionIntent.swift */,
			);
			path = Intents;
			sourceTree = "<group>";
		};
		333333333333333333333333 = {
			isa = PBXGroup;
			children = (
				444444444444444444444444 /* LifeAssistant */,
				555555555555555555555555 /* Products */,
			);
			sourceTree = "<group>";
		};
		444444444444444444444444 /* LifeAssistant */ = {
			isa = PBXGroup;
			children = (
				000000010000000000000000 /* App */,
				000000020000000000000000 /* Models */,
				000000030000000000000000 /* Views */,
				000000050000000000000000 /* Services */,
				000000060000000000000000 /* Utils */,
				000000070000000000000000 /* Resources */,
				000000080000000000000000 /* Intents */,
			);
			path = LifeAssistant;
			sourceTree = "<group>";
		};
		555555555555555555555555 /* Products */ = {
			isa = PBXGroup;
			children = (
				111111111111111111111111 /* LifeAssistant.app */,
			);
			name = Products;
			sourceTree = "<group>";
		};
/* End PBXGroup section */

/* Begin PBXNativeTarget section */
		666666666666666666666666 /* LifeAssistant */ = {
			isa = PBXNativeTarget;
			buildConfigurationList = 777777777777777777777777 /* Build configuration list for PBXNativeTarget "LifeAssistant" */;
			buildPhases = (
				888888888888888888888888 /* Sources */,
				222222222222222222222222 /* Frameworks */,
				999999999999999999999999 /* Resources */,
			);
			buildRules = (
			);
			dependencies = (
			);
			name = LifeAssistant;
			productName = LifeAssistant;
			productReference = 111111111111111111111111 /* LifeAssistant.app */;
			productType = "com.apple.product-type.application";
		};
/* End PBXNativeTarget section */

/* Begin PBXProject section */
		AAAAAAAAAAAAAAAAAAAAAAAA /* Project object */ = {
			isa = PBXProject;
			attributes = {
				BuildIndependentTargetsInParallel = 1;
				LastSwiftUpdateCheck = 1500;
				LastUpgradeCheck = 2620;
				TargetAttributes = {
					666666666666666666666666 = {
						CreatedOnToolsVersion = 15.0;
					};
				};
			};
			buildConfigurationList = BBBBBBBBBBBBBBBBBBBBBBBB /* Build configuration list for PBXProject "LifeAssistant" */;
			compatibilityVersion = "Xcode 14.0";
			developmentRegion = en;
			hasScannedForEncodings = 0;
			knownRegions = (
				en,
				Base,
				"zh-Hans",
			);
			mainGroup = 333333333333333333333333;
			productRefGroup = 555555555555555555555555 /* Products */;
			projectDirPath = "";
			projectRoot = "";
			targets = (
				666666666666666666666666 /* LifeAssistant */,
			);
		};
/* End PBXProject section */

/* Begin PBXResourcesBuildPhase section */
		999999999999999999999999 /* Resources */ = {
			isa = PBXResourcesBuildPhase;
			buildActionMask = 2147483647;
			files = (
				000000070000000000000002 /* Assets.xcassets in Resources */,
			);
			runOnlyForDeploymentPostprocessing = 0;
		};
/* End PBXResourcesBuildPhase section */

/* Begin PBXSourcesBuildPhase section */
		888888888888888888888888 /* Sources */ = {
			isa = PBXSourcesBuildPhase;
			buildActionMask = 2147483647;
			files = (
				000000010000000000000001 /* LifeAssistantApp.swift in Sources */,
				000000010000000000000002 /* PersistenceController.swift in Sources */,
				000000020000000000000001 /* AccountRecord.swift in Sources */,
				000000020000000000000002 /* TodoItem.swift in Sources */,
				000000020000000000000003 /* Interview.swift in Sources */,
				000000020000000000000004 /* Conference.swift in Sources */,
				000000030000000000000001 /* ContentView.swift in Sources */,
				000000030000000000000002 /* AccountView.swift in Sources */,
				000000030000000000000003 /* TodoView.swift in Sources */,
				000000030000000000000004 /* AIRecognitionView.swift in Sources */,
				000000030000000000000005 /* InterviewView.swift in Sources */,
				000000030000000000000006 /* ConferenceView.swift in Sources */,
				000000040000000000000001 /* ProgressBar.swift in Sources */,
				000000040000000000000002 /* CardView.swift in Sources */,
				000000040000000000000003 /* EmptyStateView.swift in Sources */,
				000000050000000000000001 /* AccountService.swift in Sources */,
				000000050000000000000002 /* TodoService.swift in Sources */,
				000000050000000000000003 /* InterviewService.swift in Sources */,
				000000050000000000000004 /* ConferenceService.swift in Sources */,
				000000050000000000000005 /* AIService.swift in Sources */,
				000000050000000000000006 /* EventKitService.swift in Sources */,
				000000060000000000000001 /* NotificationManager.swift in Sources */,
				000000070000000000000001 /* LifeAssistant.xcdatamodeld in Sources */,
				000000080000000000000001 /* RecognizeImageIntent.swift in Sources */,
				000000080000000000000002 /* LifeAssistantShortcuts.swift in Sources */,
				000000080000000000000003 /* ScreenshotRecognitionIntent.swift in Sources */,
				000000050000000000000007 /* SiliconFlowService.swift in Sources */,
				000000030000000000000007 /* RecognitionPreviewSheet.swift in Sources */,
				000000020000000000000005 /* ProgressGoal.swift in Sources */,
				000000050000000000000008 /* ProgressService.swift in Sources */,
				000000050000000000000009 /* ShortcutsDataManager.swift in Sources */,
				000000030000000000000008 /* ProgressView.swift in Sources */,
				000000030000000000000009 /* HomeView.swift in Sources */,
			);
			runOnlyForDeploymentPostprocessing = 0;
		};
/* End PBXSourcesBuildPhase section */

/* Begin XCBuildConfiguration section */
		CCCCCCCCCCCCCCCCCCCCCCCC /* Debug */ = {
			isa = XCBuildConfiguration;
			buildSettings = {
				ALWAYS_SEARCH_USER_PATHS = NO;
				ASSETCATALOG_COMPILER_GENERATE_SWIFT_ASSET_SYMBOL_EXTENSIONS = YES;
				CLANG_ANALYZER_LOCALIZABILITY_NONLOCALIZED = YES;
				CLANG_ANALYZER_NONNULL = YES;
				CLANG_ANALYZER_NUMBER_OBJECT_CONVERSION = YES_AGGRESSIVE;
				CLANG_CXX_LANGUAGE_STANDARD = "gnu++20";
				CLANG_ENABLE_MODULES = YES;
				CLANG_ENABLE_OBJC_ARC = YES;
				CLANG_ENABLE_OBJC_WEAK = YES;
				CLANG_WARN_BLOCK_CAPTURE_AUTORELEASING = YES;
				CLANG_WARN_BOOL_CONVERSION = YES;
				CLANG_WARN_COMMA = YES;
				CLANG_WARN_CONSTANT_CONVERSION = YES;
				CLANG_WARN_DEPRECATED_OBJC_IMPLEMENTATIONS = YES;
				CLANG_WARN_DIRECT_OBJC_ISA_USAGE = YES_ERROR;
				CLANG_WARN_DOCUMENTATION_COMMENTS = YES;
				CLANG_WARN_EMPTY_BODY = YES;
				CLANG_WARN_ENUM_CONVERSION = YES;
				CLANG_WARN_INFINITE_RECURSION = YES;
				CLANG_WARN_INT_CONVERSION = YES;
				CLANG_WARN_NON_LITERAL_NULL_CONVERSION = YES;
				CLANG_WARN_OBJC_IMPLICIT_RETAIN_SELF = YES;
				CLANG_WARN_OBJC_LITERAL_CONVERSION = YES;
				CLANG_WARN_OBJC_ROOT_CLASS = YES_ERROR;
				CLANG_WARN_QUOTED_INCLUDE_IN_FRAMEWORK_HEADER = YES;
				CLANG_WARN_RANGE_LOOP_ANALYSIS = YES;
				CLANG_WARN_STRICT_PROTOTYPES = YES;
				CLANG_WARN_SUSPICIOUS_MOVE = YES;
				CLANG_WARN_UNGUARDED_AVAILABILITY = YES_AGGRESSIVE;
				CLANG_WARN_UNREACHABLE_CODE = YES;
				CLANG_WARN__DUPLICATE_METHOD_MATCH = YES;
				COPY_PHASE_STRIP = NO;
				DEBUG_INFORMATION_FORMAT = dwarf;
				DEVELOPMENT_TEAM = 57BJS6Z222;
				ENABLE_STRICT_OBJC_MSGSEND = YES;
				ENABLE_TESTABILITY = YES;
				ENABLE_USER_SCRIPT_SANDBOXING = NO;
				GCC_C_LANGUAGE_STANDARD = gnu17;
				GCC_DYNAMIC_NO_PIC = NO;
				GCC_NO_COMMON_BLOCKS = YES;
				GCC_OPTIMIZATION_LEVEL = 0;
				GCC_PREPROCESSOR_DEFINITIONS = (
					"DEBUG=1",
					"$(inherited)",
				);
				GCC_WARN_64_TO_32_BIT_CONVERSION = YES;
				GCC_WARN_ABOUT_RETURN_TYPE = YES_ERROR;
				GCC_WARN_UNDECLARED_SELECTOR = YES;
				GCC_WARN_UNINITIALIZED_AUTOS = YES_AGGRESSIVE;
				GCC_WARN_UNUSED_FUNCTION = YES;
				GCC_WARN_UNUSED_VARIABLE = YES;
				IPHONEOS_DEPLOYMENT_TARGET = 17.0;
				LOCALIZATION_PREFERS_STRING_CATALOGS = YES;
				MTL_ENABLE_DEBUG_INFO = INCLUDE_SOURCE;
				MTL_FAST_MATH = YES;
				ONLY_ACTIVE_ARCH = YES;
				SDKROOT = iphoneos;
				STRING_CATALOG_GENERATE_SYMBOLS = YES;
				SWIFT_ACTIVE_COMPILATION_CONDITIONS = "DEBUG $(inherited)";
				SWIFT_OPTIMIZATION_LEVEL = "-Onone";
			};
			name = Debug;
		};
		DDDDDDDDDDDDDDDDDDDDDDDD /* Release */ = {
			isa = XCBuildConfiguration;
			buildSettings = {
				ALWAYS_SEARCH_USER_PATHS = NO;
				ASSETCATALOG_COMPILER_GENERATE_SWIFT_ASSET_SYMBOL_EXTENSIONS = YES;
				CLANG_ANALYZER_LOCALIZABILITY_NONLOCALIZED = YES;
				CLANG_ANALYZER_NONNULL = YES;
				CLANG_ANALYZER_NUMBER_OBJECT_CONVERSION = YES_AGGRESSIVE;
				CLANG_CXX_LANGUAGE_STANDARD = "gnu++20";
				CLANG_ENABLE_MODULES = YES;
				CLANG_ENABLE_OBJC_ARC = YES;
				CLANG_ENABLE_OBJC_WEAK = YES;
				CLANG_WARN_BLOCK_CAPTURE_AUTORELEASING = YES;
				CLANG_WARN_BOOL_CONVERSION = YES;
				CLANG_WARN_COMMA = YES;
				CLANG_WARN_CONSTANT_CONVERSION = YES;
				CLANG_WARN_DEPRECATED_OBJC_IMPLEMENTATIONS = YES;
				CLANG_WARN_DIRECT_OBJC_ISA_USAGE = YES_ERROR;
				CLANG_WARN_DOCUMENTATION_COMMENTS = YES;
				CLANG_WARN_EMPTY_BODY = YES;
				CLANG_WARN_ENUM_CONVERSION = YES;
				CLANG_WARN_INFINITE_RECURSION = YES;
				CLANG_WARN_INT_CONVERSION = YES;
				CLANG_WARN_NON_LITERAL_NULL_CONVERSION = YES;
				CLANG_WARN_OBJC_IMPLICIT_RETAIN_SELF = YES;
				CLANG_WARN_OBJC_LITERAL_CONVERSION = YES;
				CLANG_WARN_OBJC_ROOT_CLASS = YES_ERROR;
				CLANG_WARN_QUOTED_INCLUDE_IN_FRAMEWORK_HEADER = YES;
				CLANG_WARN_RANGE_LOOP_ANALYSIS = YES;
				CLANG_WARN_STRICT_PROTOTYPES = YES;
				CLANG_WARN_SUSPICIOUS_MOVE = YES;
				CLANG_WARN_UNGUARDED_AVAILABILITY = YES_AGGRESSIVE;
				CLANG_WARN_UNREACHABLE_CODE = YES;
				CLANG_WARN__DUPLICATE_METHOD_MATCH = YES;
				COPY_PHASE_STRIP = NO;
				DEBUG_INFORMATION_FORMAT = "dwarf-with-dsym";
				DEVELOPMENT_TEAM = 57BJS6Z222;
				ENABLE_NS_ASSERTIONS = NO;
				ENABLE_STRICT_OBJC_MSGSEND = YES;
				ENABLE_USER_SCRIPT_SANDBOXING = NO;
				GCC_C_LANGUAGE_STANDARD = gnu17;
				GCC_NO_COMMON_BLOCKS = YES;
				GCC_WARN_64_TO_32_BIT_CONVERSION = YES;
				GCC_WARN_ABOUT_RETURN_TYPE = YES_ERROR;
				GCC_WARN_UNDECLARED_SELECTOR = YES;
				GCC_WARN_UNINITIALIZED_AUTOS = YES_AGGRESSIVE;
				GCC_WARN_UNUSED_FUNCTION = YES;
				GCC_WARN_UNUSED_VARIABLE = YES;
				IPHONEOS_DEPLOYMENT_TARGET = 17.0;
				LOCALIZATION_PREFERS_STRING_CATALOGS = YES;
				MTL_ENABLE_DEBUG_INFO = NO;
				MTL_FAST_MATH = YES;
				SDKROOT = iphoneos;
				STRING_CATALOG_GENERATE_SYMBOLS = YES;
				SWIFT_COMPILATION_MODE = wholemodule;
				VALIDATE_PRODUCT = YES;
			};
			name = Release;
		};
		EEEEEEEEEEEEEEEEEEEEEEEE /* Debug */ = {
			isa = XCBuildConfiguration;
			buildSettings = {
				ASSETCATALOG_COMPILER_APPICON_NAME = AppIcon;
				ASSETCATALOG_COMPILER_GLOBAL_ACCENT_COLOR_NAME = AccentColor;
				CODE_SIGN_ENTITLEMENTS = LifeAssistant/LifeAssistant.entitlements;
				CODE_SIGN_STYLE = Automatic;
				CURRENT_PROJECT_VERSION = 1;
				DEVELOPMENT_ASSET_PATHS = "";
				DEVELOPMENT_TEAM = 57BJS6Z222;
				ENABLE_PREVIEWS = YES;
				INFOPLIST_FILE = LifeAssistant/Resources/Info.plist;
				INFOPLIST_KEY_UIApplicationSceneManifest_Generation = YES;
				INFOPLIST_KEY_UIApplicationSupportsIndirectInputEvents = YES;
				INFOPLIST_KEY_UILaunchScreen_Generation = YES;
				INFOPLIST_KEY_UISupportedInterfaceOrientations_iPad = "UIInterfaceOrientationPortrait UIInterfaceOrientationPortraitUpsideDown UIInterfaceOrientationLandscapeLeft UIInterfaceOrientationLandscapeRight";
				INFOPLIST_KEY_UISupportedInterfaceOrientations_iPhone = "UIInterfaceOrientationPortrait UIInterfaceOrientationLandscapeLeft UIInterfaceOrientationLandscapeRight";
				INTENTS_CODEGEN_LANGUAGE = Swift;
				LD_RUNPATH_SEARCH_PATHS = (
					"$(inherited)",
					"@executable_path/Frameworks",
				);
				MARKETING_VERSION = 1.0;
				PRODUCT_BUNDLE_IDENTIFIER = com.yourcompany.LifeAssistant;
				PRODUCT_NAME = "$(TARGET_NAME)";
				SWIFT_EMIT_LOC_STRINGS = YES;
				SWIFT_VERSION = 5.0;
				TARGETED_DEVICE_FAMILY = "1,2";
			};
			name = Debug;
		};
		FFFFFFFFFFFFFFFFFFFFFFFF /* Release */ = {
			isa = XCBuildConfiguration;
			buildSettings = {
				ASSETCATALOG_COMPILER_APPICON_NAME = AppIcon;
				ASSETCATALOG_COMPILER_GLOBAL_ACCENT_COLOR_NAME = AccentColor;
				CODE_SIGN_ENTITLEMENTS = LifeAssistant/LifeAssistant.entitlements;
				CODE_SIGN_STYLE = Automatic;
				CURRENT_PROJECT_VERSION = 1;
				DEVELOPMENT_ASSET_PATHS = "";
				DEVELOPMENT_TEAM = 57BJS6Z222;
				ENABLE_PREVIEWS = YES;
				INFOPLIST_FILE = LifeAssistant/Resources/Info.plist;
				INFOPLIST_KEY_UIApplicationSceneManifest_Generation = YES;
				INFOPLIST_KEY_UIApplicationSupportsIndirectInputEvents = YES;
				INFOPLIST_KEY_UILaunchScreen_Generation = YES;
				INFOPLIST_KEY_UISupportedInterfaceOrientations_iPad = "UIInterfaceOrientationPortrait UIInterfaceOrientationPortraitUpsideDown UIInterfaceOrientationLandscapeLeft UIInterfaceOrientationLandscapeRight";
				INFOPLIST_KEY_UISupportedInterfaceOrientations_iPhone = "UIInterfaceOrientationPortrait UIInterfaceOrientationLandscapeLeft UIInterfaceOrientationLandscapeRight";
				INTENTS_CODEGEN_LANGUAGE = Swift;
				LD_RUNPATH_SEARCH_PATHS = (
					"$(inherited)",
					"@executable_path/Frameworks",
				);
				MARKETING_VERSION = 1.0;
				PRODUCT_BUNDLE_IDENTIFIER = com.yourcompany.LifeAssistant;
				PRODUCT_NAME = "$(TARGET_NAME)";
				SWIFT_EMIT_LOC_STRINGS = YES;
				SWIFT_VERSION = 5.0;
				TARGETED_DEVICE_FAMILY = "1,2";
			};
			name = Release;
		};
/* End XCBuildConfiguration section */

/* Begin XCConfigurationList section */
		777777777777777777777777 /* Build configuration list for PBXNativeTarget "LifeAssistant" */ = {
			isa = XCConfigurationList;
			buildConfigurations = (
				EEEEEEEEEEEEEEEEEEEEEEEE /* Debug */,
				FFFFFFFFFFFFFFFFFFFFFFFF /* Release */,
			);
			defaultConfigurationIsVisible = 0;
			defaultConfigurationName = Release;
		};
		BBBBBBBBBBBBBBBBBBBBBBBB /* Build configuration list for PBXProject "LifeAssistant" */ = {
			isa = XCConfigurationList;
			buildConfigurations = (
				CCCCCCCCCCCCCCCCCCCCCCCC /* Debug */,
				DDDDDDDDDDDDDDDDDDDDDDDD /* Release */,
			);
			defaultConfigurationIsVisible = 0;
			defaultConfigurationName = Release;
		};
/* End XCConfigurationList section */

/* Begin XCVersionGroup section */
		0000000700000000000000F1 /* LifeAssistant.xcdatamodeld */ = {
			isa = XCVersionGroup;
			children = (
				0000000700000000000000F4 /* LifeAssistant.xcdatamodel */,
			);
			currentVersion = 0000000700000000000000F4 /* LifeAssistant.xcdatamodel */;
			path = LifeAssistant.xcdatamodeld;
			sourceTree = "<group>";
			versionGroupType = wrapper.xcdatamodel;
		};
/* End XCVersionGroup section */
	};
	rootObject = AAAAAAAAAAAAAAAAAAAAAAAA /* Project object */;
}
